
Microsoft Visual Studio Solution File, Format Version 11.00
# Visual Studio 2010
Project("{FAE04EC0-301F-11D3-BF4B-00C04F79EFBC}") = "Assembly-CSharp", "Assembly-CSharp.csproj", "{3A7EA593-1786-1DE7-6C3E-B5B2ABE79ADE}"
EndProject
Project("{FAE04EC0-301F-11D3-BF4B-00C04F79EFBC}") = "Assembly-CSharp-Editor", "Assembly-CSharp-Editor.csproj", "{094E1954-8F99-6000-C1AA-221AAB76239E}"
EndProject
Global
	GlobalSection(SolutionConfigurationPlatforms) = preSolution
		Debug|Any CPU = Debug|Any CPU
		Release|Any CPU = Release|Any CPU
	EndGlobalSection
	GlobalSection(ProjectConfigurationPlatforms) = postSolution
		{3A7EA593-1786-1DE7-6C3E-B5B2ABE79ADE}.Debug|Any CPU.ActiveCfg = Debug|Any CPU
		{3A7EA593-1786-1DE7-6C3E-B5B2ABE79ADE}.Debug|Any CPU.Build.0 = Debug|Any CPU
		{3A7EA593-1786-1DE7-6C3E-B5B2ABE79ADE}.Release|Any CPU.ActiveCfg = Release|Any CPU
		{3A7EA593-1786-1DE7-6C3E-B5B2ABE79ADE}.Release|Any CPU.Build.0 = Release|Any CPU
		{094E1954-8F99-6000-C1AA-221AAB76239E}.Debug|Any CPU.ActiveCfg = Debug|Any CPU
		{094E1954-8F99-6000-C1AA-221AAB76239E}.Debug|Any CPU.Build.0 = Debug|Any CPU
		{094E1954-8F99-6000-C1AA-221AAB76239E}.Release|Any CPU.ActiveCfg = Release|Any CPU
		{094E1954-8F99-6000-C1AA-221AAB76239E}.Release|Any CPU.Build.0 = Release|Any CPU
	EndGlobalSection
	GlobalSection(SolutionProperties) = preSolution
		HideSolutionNode = FALSE
	EndGlobalSection
	GlobalSection(MonoDevelopProperties) = preSolution
		StartupItem = Assembly-CSharp.csproj
	EndGlobalSection
EndGlobal
